
Microsoft Visual Studio Solution File, Format Version 12.00
# Visual Studio 15
VisualStudioVersion = 15.0.28010.2026
MinimumVisualStudioVersion = 10.0.40219.1
Project("{FAE04EC0-301F-11D3-BF4B-00C04F79EFBC}") = "Kelas01", "Kelas01\Kelas01.csproj", "{D197F029-3BEC-4B65-8067-FBC81AD8EADB}"
EndProject
Global
	GlobalSection(SolutionConfigurationPlatforms) = preSolution
		Debug|Any CPU = Debug|Any CPU
		Release|Any CPU = Release|Any CPU
	EndGlobalSection
	GlobalSection(ProjectConfigurationPlatforms) = postSolution
		{D197F029-3BEC-4B65-8067-FBC81AD8EADB}.Debug|Any CPU.ActiveCfg = Debug|Any CPU
		{D197F029-3BEC-4B65-8067-FBC81AD8EADB}.Debug|Any CPU.Build.0 = Debug|Any CPU
		{D197F029-3BEC-4B65-8067-FBC81AD8EADB}.Release|Any CPU.ActiveCfg = Release|Any CPU
		{D197F029-3BEC-4B65-8067-FBC81AD8EADB}.Release|Any CPU.Build.0 = Release|Any CPU
	EndGlobalSection
	GlobalSection(SolutionProperties) = preSolution
		HideSolutionNode = FALSE
	EndGlobalSection
	GlobalSection(ExtensibilityGlobals) = postSolution
		SolutionGuid = {1F6AACB9-9192-496D-BD66-2B936292405A}
	EndGlobalSection
EndGlobal
