
Microsoft Visual Studio Solution File, Format Version 12.00
# Visual Studio 15
VisualStudioVersion = 15.0.28010.2026
MinimumVisualStudioVersion = 10.0.40219.1
Project("{FAE04EC0-301F-11D3-BF4B-00C04F79EFBC}") = "Prak06", "Prak06.csproj", "{95A316B9-FAC7-48D8-B61F-7F3AC9CF3DF1}"
EndProject
Global
	GlobalSection(SolutionConfigurationPlatforms) = preSolution
		Debug|Any CPU = Debug|Any CPU
		Release|Any CPU = Release|Any CPU
	EndGlobalSection
	GlobalSection(ProjectConfigurationPlatforms) = postSolution
		{95A316B9-FAC7-48D8-B61F-7F3AC9CF3DF1}.Debug|Any CPU.ActiveCfg = Debug|Any CPU
		{95A316B9-FAC7-48D8-B61F-7F3AC9CF3DF1}.Debug|Any CPU.Build.0 = Debug|Any CPU
		{95A316B9-FAC7-48D8-B61F-7F3AC9CF3DF1}.Release|Any CPU.ActiveCfg = Release|Any CPU
		{95A316B9-FAC7-48D8-B61F-7F3AC9CF3DF1}.Release|Any CPU.Build.0 = Release|Any CPU
	EndGlobalSection
	GlobalSection(SolutionProperties) = preSolution
		HideSolutionNode = FALSE
	EndGlobalSection
	GlobalSection(ExtensibilityGlobals) = postSolution
		SolutionGuid = {02D99CAA-5BE7-42E4-B2B3-1676DB8274CE}
	EndGlobalSection
EndGlobal
