
Microsoft Visual Studio Solution File, Format Version 12.00
# Visual Studio 15
VisualStudioVersion = 15.0.28010.2026
MinimumVisualStudioVersion = 10.0.40219.1
Project("{FAE04EC0-301F-11D3-BF4B-00C04F79EFBC}") = "Prak04", "Prak04\Prak04.csproj", "{2E976CB1-B1E7-4452-B354-1678A83772FC}"
EndProject
Global
	GlobalSection(SolutionConfigurationPlatforms) = preSolution
		Debug|Any CPU = Debug|Any CPU
		Release|Any CPU = Release|Any CPU
	EndGlobalSection
	GlobalSection(ProjectConfigurationPlatforms) = postSolution
		{2E976CB1-B1E7-4452-B354-1678A83772FC}.Debug|Any CPU.ActiveCfg = Debug|Any CPU
		{2E976CB1-B1E7-4452-B354-1678A83772FC}.Debug|Any CPU.Build.0 = Debug|Any CPU
		{2E976CB1-B1E7-4452-B354-1678A83772FC}.Release|Any CPU.ActiveCfg = Release|Any CPU
		{2E976CB1-B1E7-4452-B354-1678A83772FC}.Release|Any CPU.Build.0 = Release|Any CPU
	EndGlobalSection
	GlobalSection(SolutionProperties) = preSolution
		HideSolutionNode = FALSE
	EndGlobalSection
	GlobalSection(ExtensibilityGlobals) = postSolution
		SolutionGuid = {E4CC93D6-DBD8-4FFE-A386-81C60F4A3BFF}
	EndGlobalSection
EndGlobal
