
Microsoft Visual Studio Solution File, Format Version 12.00
# Visual Studio 15
VisualStudioVersion = 15.0.28010.2026
MinimumVisualStudioVersion = 10.0.40219.1
Project("{FAE04EC0-301F-11D3-BF4B-00C04F79EFBC}") = "Prak05", "Prak05.csproj", "{DAB9A707-21B5-4B2E-BE01-9C374EF7BBE3}"
EndProject
Global
	GlobalSection(SolutionConfigurationPlatforms) = preSolution
		Debug|Any CPU = Debug|Any CPU
		Release|Any CPU = Release|Any CPU
	EndGlobalSection
	GlobalSection(ProjectConfigurationPlatforms) = postSolution
		{DAB9A707-21B5-4B2E-BE01-9C374EF7BBE3}.Debug|Any CPU.ActiveCfg = Debug|Any CPU
		{DAB9A707-21B5-4B2E-BE01-9C374EF7BBE3}.Debug|Any CPU.Build.0 = Debug|Any CPU
		{DAB9A707-21B5-4B2E-BE01-9C374EF7BBE3}.Release|Any CPU.ActiveCfg = Release|Any CPU
		{DAB9A707-21B5-4B2E-BE01-9C374EF7BBE3}.Release|Any CPU.Build.0 = Release|Any CPU
	EndGlobalSection
	GlobalSection(SolutionProperties) = preSolution
		HideSolutionNode = FALSE
	EndGlobalSection
	GlobalSection(ExtensibilityGlobals) = postSolution
		SolutionGuid = {01214662-FC5F-40C7-918B-3FE047BA592C}
	EndGlobalSection
EndGlobal
